{
  "version": 4,
  "terraform_version": "0.12.24",
  "serial": 233,
  "lineage": "b33ea8b1-f06f-c7a2-9a1c-29f0fdcbc794",
  "outputs": {
    "bootstrap_ip": {
      "value": [],
      "type": [
        "tuple",
        []
      ]
    },
    "bootstrap_ipv4": {
      "value": [
        []
      ],
      "type": [
        "tuple",
        [
          [
            "list",
            "string"
          ]
        ]
      ]
    }
  },
  "resources": [
    {
      "mode": "managed",
      "type": "libvirt_domain",
      "name": "bootstrap",
      "provider": "provider.libvirt",
      "instances": [
        {
          "schema_version": 0,
          "attributes": {
            "arch": "x86_64",
            "autostart": false,
            "boot_device": [],
            "cloudinit": null,
            "cmdline": null,
            "console": [
              {
                "source_host": "127.0.0.1",
                "source_path": "",
                "source_service": "0",
                "target_port": "0",
                "target_type": "",
                "type": "pty"
              }
            ],
            "coreos_ignition": "/mnt/user/isos/bootstrap.ign;5e9816cc-46f7-6591-109c-1fb9a64e752e",
            "cpu": null,
            "description": "",
            "disk": [
              {
                "block_device": "",
                "file": "",
                "scsi": false,
                "url": "",
                "volume_id": "/mnt/user/isos/coreos-bootstrap.qcow2",
                "wwn": ""
              }
            ],
            "emulator": "/usr/bin/qemu-system-x86_64",
            "filesystem": [],
            "firmware": "",
            "fw_cfg_name": "opt/com.coreos/config",
            "graphics": [
              {
                "autoport": true,
                "listen_address": "127.0.0.1",
                "listen_type": "address",
                "type": "spice"
              }
            ],
            "id": "efb52230-ca7b-4ec2-8133-ace82a8c41b8",
            "initrd": "",
            "kernel": "",
            "machine": "pc",
            "memory": 8192,
            "metadata": null,
            "name": "bootstrap",
            "network_interface": [
              {
                "addresses": [],
                "bridge": "br0",
                "hostname": "bootstrap",
                "mac": "52:54:00:92:29:75",
                "macvtap": "",
                "network_id": "",
                "network_name": "",
                "passthrough": "",
                "vepa": "",
                "wait_for_lease": false
              }
            ],
            "nvram": [],
            "qemu_agent": false,
            "running": true,
            "timeouts": null,
            "vcpu": 4,
            "video": [],
            "xml": []
          },
          "private": "eyJlMmJmYjczMC1lY2FhLTExZTYtOGY4OC0zNDM2M2JjN2M0YzAiOnsiY3JlYXRlIjozMDAwMDAwMDAwMDB9fQ==",
          "dependencies": [
            "libvirt_ignition.bootstrap_ignition",
            "libvirt_network.ocp4",
            "libvirt_volume.bootstrap-disk"
          ]
        }
      ]
    },
    {
      "mode": "managed",
      "type": "libvirt_domain",
      "name": "control_plane",
      "each": "list",
      "provider": "provider.libvirt",
      "instances": [
        {
          "index_key": 0,
          "schema_version": 0,
          "attributes": {
            "arch": "x86_64",
            "autostart": false,
            "boot_device": [],
            "cloudinit": null,
            "cmdline": null,
            "console": [
              {
                "source_host": "127.0.0.1",
                "source_path": "",
                "source_service": "0",
                "target_port": "0",
                "target_type": "",
                "type": "pty"
              }
            ],
            "coreos_ignition": "/mnt/user/isos/control-plane.ign;5e9816cc-19bd-de96-c3f5-cbc57f7d9208",
            "cpu": null,
            "description": "",
            "disk": [
              {
                "block_device": "",
                "file": "",
                "scsi": false,
                "url": "",
                "volume_id": "/mnt/user/isos/master-002.qcow2",
                "wwn": ""
              }
            ],
            "emulator": "/usr/bin/qemu-system-x86_64",
            "filesystem": [],
            "firmware": "",
            "fw_cfg_name": "opt/com.coreos/config",
            "graphics": [
              {
                "autoport": true,
                "listen_address": "127.0.0.1",
                "listen_type": "address",
                "type": "spice"
              }
            ],
            "id": "c8e09ebd-b9af-4b68-ba06-c03589301cd1",
            "initrd": "",
            "kernel": "",
            "machine": "pc",
            "memory": 8192,
            "metadata": null,
            "name": "master-001",
            "network_interface": [
              {
                "addresses": [],
                "bridge": "br0",
                "hostname": "master-001.home.openshift.local",
                "mac": "52:54:00:6A:48:85",
                "macvtap": "",
                "network_id": "",
                "network_name": "",
                "passthrough": "",
                "vepa": "",
                "wait_for_lease": false
              }
            ],
            "nvram": [],
            "qemu_agent": false,
            "running": true,
            "timeouts": null,
            "vcpu": 4,
            "video": [],
            "xml": []
          },
          "private": "eyJlMmJmYjczMC1lY2FhLTExZTYtOGY4OC0zNDM2M2JjN2M0YzAiOnsiY3JlYXRlIjozMDAwMDAwMDAwMDB9fQ==",
          "dependencies": [
            "libvirt_ignition.control-plane-ignition",
            "libvirt_network.ocp4",
            "libvirt_volume.control-plane-disk"
          ]
        },
        {
          "index_key": 1,
          "schema_version": 0,
          "attributes": {
            "arch": "x86_64",
            "autostart": false,
            "boot_device": [],
            "cloudinit": null,
            "cmdline": null,
            "console": [
              {
                "source_host": "127.0.0.1",
                "source_path": "",
                "source_service": "0",
                "target_port": "0",
                "target_type": "",
                "type": "pty"
              }
            ],
            "coreos_ignition": "/mnt/user/isos/control-plane.ign;5e9816cc-19bd-de96-c3f5-cbc57f7d9208",
            "cpu": null,
            "description": "",
            "disk": [
              {
                "block_device": "",
                "file": "",
                "scsi": false,
                "url": "",
                "volume_id": "/mnt/user/isos/master-003.qcow2",
                "wwn": ""
              }
            ],
            "emulator": "/usr/bin/qemu-system-x86_64",
            "filesystem": [],
            "firmware": "",
            "fw_cfg_name": "opt/com.coreos/config",
            "graphics": [
              {
                "autoport": true,
                "listen_address": "127.0.0.1",
                "listen_type": "address",
                "type": "spice"
              }
            ],
            "id": "9da749a3-e435-4e90-8ad2-4ef3a6c72937",
            "initrd": "",
            "kernel": "",
            "machine": "pc",
            "memory": 8192,
            "metadata": null,
            "name": "master-002",
            "network_interface": [
              {
                "addresses": [],
                "bridge": "br0",
                "hostname": "master-002.home.openshift.local",
                "mac": "52:54:00:D6:E2:6D",
                "macvtap": "",
                "network_id": "",
                "network_name": "",
                "passthrough": "",
                "vepa": "",
                "wait_for_lease": false
              }
            ],
            "nvram": [],
            "qemu_agent": false,
            "running": true,
            "timeouts": null,
            "vcpu": 4,
            "video": [],
            "xml": []
          },
          "private": "eyJlMmJmYjczMC1lY2FhLTExZTYtOGY4OC0zNDM2M2JjN2M0YzAiOnsiY3JlYXRlIjozMDAwMDAwMDAwMDB9fQ==",
          "dependencies": [
            "libvirt_ignition.control-plane-ignition",
            "libvirt_network.ocp4",
            "libvirt_volume.control-plane-disk"
          ]
        },
        {
          "index_key": 2,
          "schema_version": 0,
          "attributes": {
            "arch": "x86_64",
            "autostart": false,
            "boot_device": [],
            "cloudinit": null,
            "cmdline": null,
            "console": [
              {
                "source_host": "127.0.0.1",
                "source_path": "",
                "source_service": "0",
                "target_port": "0",
                "target_type": "",
                "type": "pty"
              }
            ],
            "coreos_ignition": "/mnt/user/isos/control-plane.ign;5e9816cc-19bd-de96-c3f5-cbc57f7d9208",
            "cpu": null,
            "description": "",
            "disk": [
              {
                "block_device": "",
                "file": "",
                "scsi": false,
                "url": "",
                "volume_id": "/mnt/user/isos/master-001.qcow2",
                "wwn": ""
              }
            ],
            "emulator": "/usr/bin/qemu-system-x86_64",
            "filesystem": [],
            "firmware": "",
            "fw_cfg_name": "opt/com.coreos/config",
            "graphics": [
              {
                "autoport": true,
                "listen_address": "127.0.0.1",
                "listen_type": "address",
                "type": "spice"
              }
            ],
            "id": "ff0b5b9c-952a-4daf-8533-a58e492e17c3",
            "initrd": "",
            "kernel": "",
            "machine": "pc",
            "memory": 8192,
            "metadata": null,
            "name": "master-003",
            "network_interface": [
              {
                "addresses": [],
                "bridge": "br0",
                "hostname": "master-003.home.openshift.local",
                "mac": "52:54:00:C2:70:EA",
                "macvtap": "",
                "network_id": "",
                "network_name": "",
                "passthrough": "",
                "vepa": "",
                "wait_for_lease": false
              }
            ],
            "nvram": [],
            "qemu_agent": false,
            "running": true,
            "timeouts": null,
            "vcpu": 4,
            "video": [],
            "xml": []
          },
          "private": "eyJlMmJmYjczMC1lY2FhLTExZTYtOGY4OC0zNDM2M2JjN2M0YzAiOnsiY3JlYXRlIjozMDAwMDAwMDAwMDB9fQ==",
          "dependencies": [
            "libvirt_ignition.control-plane-ignition",
            "libvirt_network.ocp4",
            "libvirt_volume.control-plane-disk"
          ]
        }
      ]
    },
    {
      "mode": "managed",
      "type": "libvirt_ignition",
      "name": "bootstrap_ignition",
      "provider": "provider.libvirt",
      "instances": [
        {
          "schema_version": 0,
          "attributes": {
            "content": "bootstrap.ign",
            "id": "/mnt/user/isos/bootstrap.ign;5e9816cc-46f7-6591-109c-1fb9a64e752e",
            "name": "bootstrap.ign",
            "pool": "default"
          },
          "private": "bnVsbA=="
        }
      ]
    },
    {
      "mode": "managed",
      "type": "libvirt_ignition",
      "name": "control-plane-ignition",
      "provider": "provider.libvirt",
      "instances": [
        {
          "schema_version": 0,
          "attributes": {
            "content": "master.ign",
            "id": "/mnt/user/isos/control-plane.ign;5e9816cc-19bd-de96-c3f5-cbc57f7d9208",
            "name": "control-plane.ign",
            "pool": "default"
          },
          "private": "bnVsbA=="
        }
      ]
    },
    {
      "mode": "managed",
      "type": "libvirt_network",
      "name": "ocp4",
      "provider": "provider.libvirt",
      "instances": [
        {
          "schema_version": 0,
          "attributes": {
            "addresses": [
              "192.168.0.0/24"
            ],
            "autostart": false,
            "bridge": "br0",
            "dhcp": [],
            "dns": [],
            "domain": null,
            "id": "aaa6c493-eec6-428c-9ff4-a3323176028d",
            "mode": "bridge",
            "mtu": null,
            "name": "ocp4",
            "routes": [],
            "xml": []
          },
          "private": "bnVsbA=="
        }
      ]
    },
    {
      "mode": "managed",
      "type": "libvirt_volume",
      "name": "bootstrap-disk",
      "provider": "provider.libvirt",
      "instances": [
        {
          "schema_version": 0,
          "attributes": {
            "base_volume_id": null,
            "base_volume_name": null,
            "base_volume_pool": null,
            "format": "qcow2",
            "id": "/mnt/user/isos/coreos-bootstrap.qcow2",
            "name": "coreos-bootstrap.qcow2",
            "pool": "default",
            "size": 17179869184,
            "source": "http://192.168.0.100:8888/redhat-coreos.qcow2",
            "xml": []
          },
          "private": "bnVsbA=="
        }
      ]
    },
    {
      "mode": "managed",
      "type": "libvirt_volume",
      "name": "control-plane-disk",
      "each": "list",
      "provider": "provider.libvirt",
      "instances": [
        {
          "index_key": 0,
          "schema_version": 0,
          "attributes": {
            "base_volume_id": null,
            "base_volume_name": null,
            "base_volume_pool": null,
            "format": "raw",
            "id": "/mnt/user/isos/master-001.qcow2",
            "name": "master-001.qcow2",
            "pool": "default",
            "size": 196616,
            "source": "http://192.168.0.100:8888/rhcos-4.3.8-x86_64-qemu.x86_64.qcow2",
            "xml": []
          },
          "private": "bnVsbA=="
        },
        {
          "index_key": 1,
          "schema_version": 0,
          "attributes": {
            "base_volume_id": null,
            "base_volume_name": null,
            "base_volume_pool": null,
            "format": "raw",
            "id": "/mnt/user/isos/master-002.qcow2",
            "name": "master-002.qcow2",
            "pool": "default",
            "size": 196616,
            "source": "http://192.168.0.100:8888/rhcos-4.3.8-x86_64-qemu.x86_64.qcow2",
            "xml": []
          },
          "private": "bnVsbA=="
        },
        {
          "index_key": 2,
          "schema_version": 0,
          "attributes": {
            "base_volume_id": null,
            "base_volume_name": null,
            "base_volume_pool": null,
            "format": "raw",
            "id": "/mnt/user/isos/master-003.qcow2",
            "name": "master-003.qcow2",
            "pool": "default",
            "size": 196616,
            "source": "http://192.168.0.100:8888/rhcos-4.3.8-x86_64-qemu.x86_64.qcow2",
            "xml": []
          },
          "private": "bnVsbA=="
        }
      ]
    }
  ]
}
