{
  "version": 4,
  "terraform_version": "0.12.24",
  "serial": 1,
  "lineage": "c540fdfd-9b3e-2417-aabf-ddbffd39f48f",
  "outputs": {},
  "resources": [
    {
      "mode": "managed",
      "type": "libvirt_domain",
      "name": "dns",
      "provider": "provider.libvirt",
      "instances": []
    },
    {
      "mode": "managed",
      "type": "libvirt_volume",
      "name": "dns-disk",
      "provider": "provider.libvirt",
      "instances": [
        {
          "schema_version": 0,
          "attributes": {
            "base_volume_id": null,
            "base_volume_name": null,
            "base_volume_pool": null,
            "format": "qcow2",
            "id": "/mnt/user/isos/dns.qcow2",
            "name": "dns.qcow2",
            "pool": "default",
            "size": 2361393152,
            "source": "https://cloud-images.ubuntu.com/releases/xenial/release/ubuntu-16.04-server-cloudimg-amd64-disk1.img",
            "xml": []
          },
          "private": "bnVsbA=="
        }
      ]
    }
  ]
}
